
Microsoft Visual Studio Solution File, Format Version 12.00
# Visual Studio Version 17
VisualStudioVersion = 17.7.34031.279
MinimumVisualStudioVersion = 10.0.40219.1
Project("{FAE04EC0-301F-11D3-BF4B-00C04F79EFBC}") = "Satbayev.DAL", "Satbayev.DAL\Satbayev.DAL.csproj", "{F1014007-84B0-4357-8E9E-35F50C981E52}"
EndProject
Project("{FAE04EC0-301F-11D3-BF4B-00C04F79EFBC}") = "Satbayev.BLL", "Satbayev.BLL\Satbayev.BLL.csproj", "{D578EDCA-FAB9-4D59-9335-C14EB060F58A}"
EndProject
Project("{FAE04EC0-301F-11D3-BF4B-00C04F79EFBC}") = "Satbayev.ConsoleApp", "Satbayev.ConsoleApp\Satbayev.ConsoleApp.csproj", "{37B7A69E-AE5D-4DC4-B3D5-F3A225B8EA01}"
EndProject
Global
	GlobalSection(SolutionConfigurationPlatforms) = preSolution
		Debug|Any CPU = Debug|Any CPU
		Release|Any CPU = Release|Any CPU
	EndGlobalSection
	GlobalSection(ProjectConfigurationPlatforms) = postSolution
		{F1014007-84B0-4357-8E9E-35F50C981E52}.Debug|Any CPU.ActiveCfg = Debug|Any CPU
		{F1014007-84B0-4357-8E9E-35F50C981E52}.Debug|Any CPU.Build.0 = Debug|Any CPU
		{F1014007-84B0-4357-8E9E-35F50C981E52}.Release|Any CPU.ActiveCfg = Release|Any CPU
		{F1014007-84B0-4357-8E9E-35F50C981E52}.Release|Any CPU.Build.0 = Release|Any CPU
		{D578EDCA-FAB9-4D59-9335-C14EB060F58A}.Debug|Any CPU.ActiveCfg = Debug|Any CPU
		{D578EDCA-FAB9-4D59-9335-C14EB060F58A}.Debug|Any CPU.Build.0 = Debug|Any CPU
		{D578EDCA-FAB9-4D59-9335-C14EB060F58A}.Release|Any CPU.ActiveCfg = Release|Any CPU
		{D578EDCA-FAB9-4D59-9335-C14EB060F58A}.Release|Any CPU.Build.0 = Release|Any CPU
		{37B7A69E-AE5D-4DC4-B3D5-F3A225B8EA01}.Debug|Any CPU.ActiveCfg = Debug|Any CPU
		{37B7A69E-AE5D-4DC4-B3D5-F3A225B8EA01}.Debug|Any CPU.Build.0 = Debug|Any CPU
		{37B7A69E-AE5D-4DC4-B3D5-F3A225B8EA01}.Release|Any CPU.ActiveCfg = Release|Any CPU
		{37B7A69E-AE5D-4DC4-B3D5-F3A225B8EA01}.Release|Any CPU.Build.0 = Release|Any CPU
	EndGlobalSection
	GlobalSection(SolutionProperties) = preSolution
		HideSolutionNode = FALSE
	EndGlobalSection
	GlobalSection(ExtensibilityGlobals) = postSolution
		SolutionGuid = {D6C786E7-37BF-4727-A9D6-EB4436CCB213}
	EndGlobalSection
EndGlobal
